
Microsoft Visual Studio Solution File, Format Version 12.00
# Visual Studio Version 16
VisualStudioVersion = 16.0.32106.194
MinimumVisualStudioVersion = 10.0.40219.1
Project("{FAE04EC0-301F-11D3-BF4B-00C04F79EFBC}") = "15.02.22 TodayTask", "15.02.22 TodayTask.csproj", "{941C0E7F-FEE8-4763-85F3-25936A21D732}"
EndProject
Global
	GlobalSection(SolutionConfigurationPlatforms) = preSolution
		Debug|Any CPU = Debug|Any CPU
		Release|Any CPU = Release|Any CPU
	EndGlobalSection
	GlobalSection(ProjectConfigurationPlatforms) = postSolution
		{941C0E7F-FEE8-4763-85F3-25936A21D732}.Debug|Any CPU.ActiveCfg = Debug|Any CPU
		{941C0E7F-FEE8-4763-85F3-25936A21D732}.Debug|Any CPU.Build.0 = Debug|Any CPU
		{941C0E7F-FEE8-4763-85F3-25936A21D732}.Release|Any CPU.ActiveCfg = Release|Any CPU
		{941C0E7F-FEE8-4763-85F3-25936A21D732}.Release|Any CPU.Build.0 = Release|Any CPU
	EndGlobalSection
	GlobalSection(SolutionProperties) = preSolution
		HideSolutionNode = FALSE
	EndGlobalSection
	GlobalSection(ExtensibilityGlobals) = postSolution
		SolutionGuid = {C22C9A7A-2010-4AF3-ACEE-7C5A82CBDA1A}
	EndGlobalSection
EndGlobal
